lockfileVersion: '9.0'

settings:
  autoInstallPeers: true
  excludeLinksFromLockfile: false

importers:

  .:
    optionalDependencies:
      '@gkoreli/ghx-darwin-arm64':
        specifier: 2.1.16
        version: 2.1.16
      '@gkoreli/ghx-darwin-x64':
        specifier: 2.1.16
        version: 2.1.16
      '@gkoreli/ghx-linux-arm64':
        specifier: 2.1.16
        version: 2.1.16
      '@gkoreli/ghx-linux-x64':
        specifier: 2.1.16
        version: 2.1.16
      '@gkoreli/ghx-win32-arm64':
        specifier: 2.1.16
        version: 2.1.16
      '@gkoreli/ghx-win32-x64':
        specifier: 2.1.16
        version: 2.1.16

  packages/ghx-sidecar:
    devDependencies:
      '@types/node':
        specifier: ^24.10.1
        version: 24.12.2
      typescript:
        specifier: ^5.9.3
        version: 5.9.3

packages:

  '@gkoreli/ghx-darwin-arm64@2.1.16':
    resolution: {integrity: sha512-6G/p89smvyMddNodSOoZ97WgCH+NmwsKdAWd892RLw4wM2g8pDzlmvBi0Cq4R84AAQ2e8pb/9jhTXpmpwO37eg==}
    cpu: [arm64]
    os: [darwin]

  '@gkoreli/ghx-darwin-x64@2.1.16':
    resolution: {integrity: sha512-nuEW29k6Ljuo1r4NeQwE6+ZtuIpFwmOEdLreWikTJg0/PIjibFf2CeO497I5BE1KsdzFS2H75lH0vkE75uCCyA==}
    cpu: [x64]
    os: [darwin]

  '@gkoreli/ghx-linux-arm64@2.1.16':
    resolution: {integrity: sha512-bV/3MbIWUCuv1ClVYDB5Lengo3Orh9KySYf5iv8XFoIWt6jOoVaHAWgOjSh+sH/b03mtBKWsxNMD0qEK+D5hag==}
    cpu: [arm64]
    os: [linux]

  '@gkoreli/ghx-linux-x64@2.1.16':
    resolution: {integrity: sha512-Bw5+HzC6Y3BHV8eE9riqxTB2yP7vggl7altIGJX0u4ZyK05z0BHoEMovupgMuqCqgxrhQQXK2PvjpKyjvfCCJg==}
    cpu: [x64]
    os: [linux]

  '@gkoreli/ghx-win32-arm64@2.1.16':
    resolution: {integrity: sha512-SjQarjrKm3EE8LAzmtlSQfRQntF7Y8N/IwBwsMPTeV+95YVvWYj8Z3vT9lJFyCNtuFh9dKhNOX6OrzqG5hhWrg==}
    cpu: [arm64]
    os: [win32]

  '@gkoreli/ghx-win32-x64@2.1.16':
    resolution: {integrity: sha512-j+4eKynV9VjjIZNfvvoI83HHCLDRM3umFGel4a/ve8JOy1a7X8A3jaNqv61pUTLYwYwG9CZ9/JZxDn1rRfiPYw==}
    cpu: [x64]
    os: [win32]

  '@types/node@24.12.2':
    resolution: {integrity: sha512-A1sre26ke7HDIuY/M23nd9gfB+nrmhtYyMINbjI1zHJxYteKR6qSMX56FsmjMcDb3SMcjJg5BiRRgOCC/yBD0g==}

  typescript@5.9.3:
    resolution: {integrity: sha512-jl1vZzPDinLr9eUt3J/t7V6FgNEw9QjvBPdysz9KfQDD41fQrC2Y4vKQdiaUpFT4bXlb1RHhLpp8wtm6M5TgSw==}
    engines: {node: '>=14.17'}
    hasBin: true

  undici-types@7.16.0:
    resolution: {integrity: sha512-Zz+aZWSj8LE6zoxD+xrjh4VfkIG8Ya6LvYkZqtUQGJPZjYl53ypCaUwWqo7eI0x66KBGeRo+mlBEkMSeSZ38Nw==}

snapshots:

  '@gkoreli/ghx-darwin-arm64@2.1.16':
    optional: true

  '@gkoreli/ghx-darwin-x64@2.1.16':
    optional: true

  '@gkoreli/ghx-linux-arm64@2.1.16':
    optional: true

  '@gkoreli/ghx-linux-x64@2.1.16':
    optional: true

  '@gkoreli/ghx-win32-arm64@2.1.16':
    optional: true

  '@gkoreli/ghx-win32-x64@2.1.16':
    optional: true

  '@types/node@24.12.2':
    dependencies:
      undici-types: 7.16.0

  typescript@5.9.3: {}

  undici-types@7.16.0: {}
