lockfileVersion: '9.0'

settings:
  autoInstallPeers: true
  excludeLinksFromLockfile: false

importers:

  .:
    optionalDependencies:
      '@gkoreli/ghx-darwin-arm64':
        specifier: 2.1.19
        version: 2.1.19
      '@gkoreli/ghx-darwin-x64':
        specifier: 2.1.19
        version: 2.1.19
      '@gkoreli/ghx-linux-arm64':
        specifier: 2.1.19
        version: 2.1.19
      '@gkoreli/ghx-linux-x64':
        specifier: 2.1.19
        version: 2.1.19
      '@gkoreli/ghx-win32-arm64':
        specifier: 2.1.19
        version: 2.1.19
      '@gkoreli/ghx-win32-x64':
        specifier: 2.1.19
        version: 2.1.19

packages:

  '@gkoreli/ghx-darwin-arm64@2.1.19':
    resolution: {integrity: sha512-d1+ij7v9nGSaAh5OXrqwkUMcE09Fd/N29+jDWA1Frp8/0wg8GHLkHb2oH592k3Z1TUvDUH+Nth9OFgfmah3Cwg==}
    cpu: [arm64]
    os: [darwin]

  '@gkoreli/ghx-darwin-x64@2.1.19':
    resolution: {integrity: sha512-qKJGBEAGEUGo/QDcPJEh7nLqoHOrhdrAXwSL6EgLv5xp3o6hr5ON6KWGsXV4cis+tXp4pqiafYbH0sSSqXdSaQ==}
    cpu: [x64]
    os: [darwin]

  '@gkoreli/ghx-linux-arm64@2.1.19':
    resolution: {integrity: sha512-cSbatfdlVDZApef07b8Dozls//D6CcsrbJ9PynxSfEnUeVhybFYPIjWrPi9vm+ZEs6dYrIPjwe36T8AKRpS4OQ==}
    cpu: [arm64]
    os: [linux]

  '@gkoreli/ghx-linux-x64@2.1.19':
    resolution: {integrity: sha512-1kD0OVDILPmZrCF34/Uz2GxGY1nlksSGoKayAp7WUrVYJKivfUDKAQG4Xqoam/F2q/WnmX4YzdgYw3uuSqMPqg==}
    cpu: [x64]
    os: [linux]

  '@gkoreli/ghx-win32-arm64@2.1.19':
    resolution: {integrity: sha512-EGECZLWbc9M78Kll/qtdMJSyq8ft+zFfSV/dJyOtf/EBD+PK+aoScLaTFg2Ce49SpVBAzNhA3M95R1JVJJH4WQ==}
    cpu: [arm64]
    os: [win32]

  '@gkoreli/ghx-win32-x64@2.1.19':
    resolution: {integrity: sha512-mUzojDZIUuvSCHSbeEh1os4poZYawZQ8UZdFG/DYYkoG9pNkhTMQUf1u3y9Z9DMedhTl/aOuYsEYlcUxt3XCEA==}
    cpu: [x64]
    os: [win32]

snapshots:

  '@gkoreli/ghx-darwin-arm64@2.1.19':
    optional: true

  '@gkoreli/ghx-darwin-x64@2.1.19':
    optional: true

  '@gkoreli/ghx-linux-arm64@2.1.19':
    optional: true

  '@gkoreli/ghx-linux-x64@2.1.19':
    optional: true

  '@gkoreli/ghx-win32-arm64@2.1.19':
    optional: true

  '@gkoreli/ghx-win32-x64@2.1.19':
    optional: true
